{
  "version": 2,
  "dependencies": {
    "net10.0": {
      "Microsoft.AspNetCore.OpenApi": {
        "type": "Direct",
        "requested": "[10.0.11, )",
        "resolved": "10.0.11",
        "contentHash": "R/1EATnPLU+gRfB6lwVkMcymmyAY5ppBBdRN/5lhNEiT3xP1sWccuSFkU/f1lQvN/WgRq5Vn8AhCdE3fqgsL/w==",
        "dependencies": {
          "Microsoft.OpenApi": "[2.7.5, 3.0.0)"
        }
      },
      "mu88.Shared": {
        "type": "Direct",
        "requested": "[8.4.0, )",
        "resolved": "8.4.0",
        "contentHash": "HBZRM2ncR+2VEKQVQTRPQV2ZsRAGPze6Oeem2ffO3+XzZSldy+8hGlPLQOcfzlBxCCxpRK2sHVI0Z2/xdhLG7w==",
        "dependencies": {
          "IDisposableAnalyzers": "4.0.8",
          "Meziantou.Analyzer": "3.0.159",
          "Microsoft.Extensions.Diagnostics.HealthChecks.Common": "10.9.0",
          "OpenTelemetry.Exporter.OpenTelemetryProtocol": "1.17.0",
          "OpenTelemetry.Extensions.Hosting": "1.17.0",
          "OpenTelemetry.Instrumentation.AspNetCore": "1.17.0",
          "OpenTelemetry.Instrumentation.EntityFrameworkCore": "1.0.0-beta.12",
          "OpenTelemetry.Instrumentation.Http": "1.17.0",
          "OpenTelemetry.Instrumentation.Process": "0.5.0-beta.7",
          "OpenTelemetry.Instrumentation.Runtime": "1.17.0",
          "StyleCop.Analyzers": "1.1.118"
        }
      },
      "Scalar.AspNetCore": {
        "type": "Direct",
        "requested": "[2.17.1, )",
        "resolved": "2.17.1",
        "contentHash": "7np19IKEqPi+Isbo5Ka1wdMsQedv5jUECPHq223NgKEL7eGd+z98ncZRmpYfKotU/BD07kJSpnPaXp6X0TzRKw=="
      },
      "IDisposableAnalyzers": {
        "type": "Transitive",
        "resolved": "4.0.8",
        "contentHash": "vNi4NMG0CcJyjXxiNDcQ21FwV/whM9o9OEZKD+oP7tuxAqFEzX/x5OhC3OZJqW/w+8GOtCmJPBquYgMWgz0rfQ=="
      },
      "Magick.NET.Core": {
        "type": "Transitive",
        "resolved": "14.16.0",
        "contentHash": "ddBX/Zb0sCsX4agqHdHeqUx+grfw8I7GFU+lgut3mtNl7roxbxemSQFGLIJXtzwPuAHxbaMtkXA+ijVl02EUhQ=="
      },
      "Meziantou.Analyzer": {
        "type": "Transitive",
        "resolved": "3.0.159",
        "contentHash": "VPNxfghpjFUAv6fLLVU6dNhqRrqFyAYb/CDPq+mA/KhAUv5I0ozpYi4UmvUfqPpmcVeDJiHYND486Epv149OcA=="
      },
      "Microsoft.Bcl.AsyncInterfaces": {
        "type": "Transitive",
        "resolved": "6.0.0",
        "contentHash": "UcSjPsst+DfAdJGVDsu346FX0ci0ah+lw3WRtn18NUwEqRt70HaOQ7lI72vy3+1LxtqI3T5GWwV39rQSrCzAeg=="
      },
      "Microsoft.Extensions.Compliance.Abstractions": {
        "type": "Transitive",
        "resolved": "10.9.0",
        "contentHash": "tuSqNuiJxlln43sZ8c1EDA4WXit1eX4foGadylXso3DnMVc+DtKfaNEwvHuiFXfPsEUZ6Z3GnF0Bfk9vvOsE4Q=="
      },
      "Microsoft.Extensions.Diagnostics.HealthChecks.Common": {
        "type": "Transitive",
        "resolved": "10.9.0",
        "contentHash": "CyHixu/WT6Nc70pT0wAzOwoquzaly6EtDpPvXxP07vVE6VvV1TzufS52F4sBlcC7ZIiscRLNEmZQuCmBSge1Mw==",
        "dependencies": {
          "Microsoft.Extensions.Telemetry.Abstractions": "10.9.0"
        }
      },
      "Microsoft.Extensions.Telemetry.Abstractions": {
        "type": "Transitive",
        "resolved": "10.9.0",
        "contentHash": "rCyM64XvBNi2IY/5noMVsJjt22zVmnI+8tGrb6JnPRW/75Nyv9Hi+7gkxb7zQcR0+2mzS1sAqPXz2PsdHZCqHg==",
        "dependencies": {
          "Microsoft.Extensions.Compliance.Abstractions": "10.9.0"
        }
      },
      "Microsoft.OpenApi": {
        "type": "Transitive",
        "resolved": "2.7.5",
        "contentHash": "0FA67RSnRM4tcBKqiqVu/HPdZ9+QOKbmeRjxRUGTCjPU4C0bmUhd97Dso7Yild5P7nOV6GxJ2xrK0Kv/O9xp0w=="
      },
      "OpenTelemetry": {
        "type": "Transitive",
        "resolved": "1.17.0",
        "contentHash": "rMLOTftlMlTm7+MSrvXDHnJRjVkROFNKXHZrYjOsX+LankaFG7QSflx7qRRGjoqZoirohnxmJQ7GEb9occO4Gg==",
        "dependencies": {
          "OpenTelemetry.Api.ProviderBuilderExtensions": "1.17.0"
        }
      },
      "OpenTelemetry.Api": {
        "type": "Transitive",
        "resolved": "1.17.0",
        "contentHash": "mSBxzomZgHIJu9CyVNqyDu/n2JHEtqVgfcCD1Br0cV5iLYogjZOMqhlVLt99PEp+0KGBNUR3GXgeOdN2GR3F9g=="
      },
      "OpenTelemetry.Api.ProviderBuilderExtensions": {
        "type": "Transitive",
        "resolved": "1.17.0",
        "contentHash": "Xgc3Qf9B9TFMFpx6exTdGqMWuYIT2miNzkdMPutVvT9YuMFaEovXWke1Gb6z8NxYaQbbGF38vYLuSg1JCeui5Q==",
        "dependencies": {
          "OpenTelemetry.Api": "1.17.0"
        }
      },
      "OpenTelemetry.Exporter.OpenTelemetryProtocol": {
        "type": "Transitive",
        "resolved": "1.17.0",
        "contentHash": "R1omQOrQpGlS0Cp5UIr/TAiuEA48JrPlgr1NPV5gESiTU7HhWU+ILe2EBSYb1fKdsSavZ7nZkHcUxAzofPqr2A==",
        "dependencies": {
          "OpenTelemetry": "1.17.0"
        }
      },
      "OpenTelemetry.Extensions.Hosting": {
        "type": "Transitive",
        "resolved": "1.17.0",
        "contentHash": "t1OwL/4qgboGMobYVT+UV5zgWnFqCp4Pw8lcsmzh8m2K8PQsTKkyxrC32tqYTMYny3GOW4q5cltE3dTVzLmRew==",
        "dependencies": {
          "OpenTelemetry": "1.17.0"
        }
      },
      "OpenTelemetry.Instrumentation.AspNetCore": {
        "type": "Transitive",
        "resolved": "1.17.0",
        "contentHash": "rGbmk1vuy1kvgZmE0ps7Vb99YZvDap6AalrrF60FwnNit1uW/PbeFZj1cpb0T8MPkYmjhBrRJ1/JB6QqXkRjHA==",
        "dependencies": {
          "OpenTelemetry.Api.ProviderBuilderExtensions": "[1.17.0, 2.0.0)"
        }
      },
      "OpenTelemetry.Instrumentation.EntityFrameworkCore": {
        "type": "Transitive",
        "resolved": "1.0.0-beta.12",
        "contentHash": "L/wZDi3MXyL2OsaxykjNovTgNhGq0kVtWNcCoqzOctxYMnCUGAQHYA9XwZGpad1vnnFxHOcN3oW4qFAQuYpKUA==",
        "dependencies": {
          "OpenTelemetry.Api.ProviderBuilderExtensions": "[1.9.0, 2.0.0)"
        }
      },
      "OpenTelemetry.Instrumentation.Http": {
        "type": "Transitive",
        "resolved": "1.17.0",
        "contentHash": "uTwVtxIJ/xB96wGYTaDsbkJVeCFdUxTwvrlDUn2YJixy0UuKc8DvQMzwKNJMTzNFiiyYO9c40id6tUHTmWs33A==",
        "dependencies": {
          "OpenTelemetry.Api.ProviderBuilderExtensions": "[1.17.0, 2.0.0)"
        }
      },
      "OpenTelemetry.Instrumentation.Process": {
        "type": "Transitive",
        "resolved": "0.5.0-beta.7",
        "contentHash": "v+g5CPU/sJhyc1FTOgTaQTwvrQXquSxdndF+E3fS8SXYPLVAa2INHa8jqCFKvYp1rO+yaVizRw1gCOaDJJzauA==",
        "dependencies": {
          "OpenTelemetry.Api": "[1.9.0, 2.0.0)"
        }
      },
      "OpenTelemetry.Instrumentation.Runtime": {
        "type": "Transitive",
        "resolved": "1.17.0",
        "contentHash": "HyYenisDn/xdtyVXdjImsCl+RNC2gq01N0rvSR7tsYAylXR2sxX/YgMsyTajMXA27+r1vB7lNU8cWRhV0fwL+Q==",
        "dependencies": {
          "OpenTelemetry.Api": "[1.17.0, 2.0.0)"
        }
      },
      "StyleCop.Analyzers": {
        "type": "Transitive",
        "resolved": "1.1.118",
        "contentHash": "Onx6ovGSqXSK07n/0eM3ZusiNdB6cIlJdabQhWGgJp3Vooy9AaLS/tigeybOJAobqbtggTamoWndz72JscZBvw=="
      },
      "System.ComponentModel.Annotations": {
        "type": "Transitive",
        "resolved": "5.0.0",
        "contentHash": "dMkqfy2el8A8/I76n2Hi1oBFEbG1SfxD2l5nhwXV3XjlnOmwxJlQbYpJH4W51odnU9sARCSAgv7S3CyAFMkpYg=="
      },
      "screenshotcreator.logic": {
        "type": "Project",
        "dependencies": {
          "Magick.NET-Q16-AnyCPU": "[14.16.0, )",
          "Microsoft.Bcl.TimeProvider": "[10.0.11, )",
          "Microsoft.Playwright": "[1.62.0, )",
          "mu88.Shared": "[8.4.0, )"
        }
      },
      "Magick.NET-Q16-AnyCPU": {
        "type": "CentralTransitive",
        "requested": "[14.16.0, )",
        "resolved": "14.16.0",
        "contentHash": "uVMuIVbL9+N1H/+fTgJAZydAirr2fbuvrHm+EXpXAIIOwLTHfik/HfiWhcAK5gjj0FJAXhquEgBMDJuODWKM1g==",
        "dependencies": {
          "Magick.NET.Core": "14.16.0"
        }
      },
      "Microsoft.Bcl.TimeProvider": {
        "type": "CentralTransitive",
        "requested": "[10.0.11, )",
        "resolved": "10.0.11",
        "contentHash": "jSymjAVYlpehEqPGbFZ8ELexSJhVVNTQQp9V2lrBWQR1LHVOBJv0nntsLORASXgFwCZ+x5v8oBrt8/IdQxQI6w=="
      },
      "Microsoft.Playwright": {
        "type": "CentralTransitive",
        "requested": "[1.62.0, )",
        "resolved": "1.62.0",
        "contentHash": "cos6dmHPcMpS6bXw2WEgoXb8KXwMhs3c5L0P/cUf2rdUpjVA3g3u+KiSpVp2VCzsXymRpy2tFHqm+Wnz7s5VhQ==",
        "dependencies": {
          "Microsoft.Bcl.AsyncInterfaces": "6.0.0",
          "System.ComponentModel.Annotations": "5.0.0"
        }
      }
    },
    "net10.0/linux-arm64": {
      "Magick.NET-Q16-AnyCPU": {
        "type": "CentralTransitive",
        "requested": "[14.16.0, )",
        "resolved": "14.16.0",
        "contentHash": "uVMuIVbL9+N1H/+fTgJAZydAirr2fbuvrHm+EXpXAIIOwLTHfik/HfiWhcAK5gjj0FJAXhquEgBMDJuODWKM1g==",
        "dependencies": {
          "Magick.NET.Core": "14.16.0"
        }
      }
    },
    "net10.0/linux-x64": {
      "Magick.NET-Q16-AnyCPU": {
        "type": "CentralTransitive",
        "requested": "[14.16.0, )",
        "resolved": "14.16.0",
        "contentHash": "uVMuIVbL9+N1H/+fTgJAZydAirr2fbuvrHm+EXpXAIIOwLTHfik/HfiWhcAK5gjj0FJAXhquEgBMDJuODWKM1g==",
        "dependencies": {
          "Magick.NET.Core": "14.16.0"
        }
      }
    }
  }
}