{
  "version": 2,
  "dependencies": {
    "net10.0": {
      "Microsoft.AspNetCore.OpenApi": {
        "type": "Direct",
        "requested": "[10.0.0, )",
        "resolved": "10.0.0",
        "contentHash": "0aqIF1t+sA2T62LIeMtXGSiaV7keGQaJnvwwmu+htQdjCaKYARfXAeqp4nHH9y2etpilyZ/tnQzZg4Ilmo/c4Q==",
        "dependencies": {
          "Microsoft.OpenApi": "2.0.0"
        }
      },
      "mu88.Shared": {
        "type": "Direct",
        "requested": "[4.0.0, )",
        "resolved": "4.0.0",
        "contentHash": "vaiIfQfa1mBQ6KXs8T5nzQwovcrPU9FIyrlEbCq+3eNZzSbAttmPsiovpT27NGBcV59t1y5Qu2QRNjUJeFC7PA==",
        "dependencies": {
          "IDisposableAnalyzers": "4.0.8",
          "Meziantou.Analyzer": "2.0.257",
          "OpenTelemetry.Exporter.OpenTelemetryProtocol": "1.14.0",
          "OpenTelemetry.Extensions.Hosting": "1.14.0",
          "OpenTelemetry.Instrumentation.AspNetCore": "1.14.0",
          "OpenTelemetry.Instrumentation.EntityFrameworkCore": "1.0.0-beta.12",
          "OpenTelemetry.Instrumentation.Process": "0.5.0-beta.7",
          "OpenTelemetry.Instrumentation.Runtime": "1.14.0",
          "StyleCop.Analyzers": "1.1.118"
        }
      },
      "Scalar.AspNetCore": {
        "type": "Direct",
        "requested": "[2.11.0, )",
        "resolved": "2.11.0",
        "contentHash": "zOV12+2VE6Tsb3U3YRtJtVABmzbAEPEkiYLAckHBgUuj6suarSp3kA4HE3UU9kNQmJrU6xrD5GTOAtwVENMgJQ=="
      },
      "IDisposableAnalyzers": {
        "type": "Transitive",
        "resolved": "4.0.8",
        "contentHash": "vNi4NMG0CcJyjXxiNDcQ21FwV/whM9o9OEZKD+oP7tuxAqFEzX/x5OhC3OZJqW/w+8GOtCmJPBquYgMWgz0rfQ=="
      },
      "Magick.NET.Core": {
        "type": "Transitive",
        "resolved": "14.9.1",
        "contentHash": "kj3zurCDo9GvcDLbps+enS9Mjm2zltsevicZWxPDcfw5y6LnbGiOG2UpAkB//938zDhiUsubMPs6ZhJd+bRCzQ=="
      },
      "Meziantou.Analyzer": {
        "type": "Transitive",
        "resolved": "2.0.257",
        "contentHash": "HADbzZ4rto3boQpWyXIFFc9bxDPviscCXiSQWOTICKD1OJ4gwa9aMfANoQngOk/2en3I9YAHwQ0WXxVMzCTJ+A=="
      },
      "Microsoft.Bcl.AsyncInterfaces": {
        "type": "Transitive",
        "resolved": "6.0.0",
        "contentHash": "UcSjPsst+DfAdJGVDsu346FX0ci0ah+lw3WRtn18NUwEqRt70HaOQ7lI72vy3+1LxtqI3T5GWwV39rQSrCzAeg=="
      },
      "Microsoft.OpenApi": {
        "type": "Transitive",
        "resolved": "2.0.0",
        "contentHash": "GGYLfzV/G/ct80OZ45JxnWP7NvMX1BCugn/lX7TH5o0lcVaviavsLMTxmFV2AybXWjbi3h6FF1vgZiTK6PXndw=="
      },
      "OpenTelemetry": {
        "type": "Transitive",
        "resolved": "1.14.0",
        "contentHash": "aiPBAr1+0dPDItH++MQQr5UgMf4xiybruzNlAoYYMYN3UUk+mGRcoKuZy4Z4rhhWUZIpK2Xhe7wUUXSTM32duQ==",
        "dependencies": {
          "OpenTelemetry.Api.ProviderBuilderExtensions": "1.14.0"
        }
      },
      "OpenTelemetry.Api": {
        "type": "Transitive",
        "resolved": "1.14.0",
        "contentHash": "foHci6viUw1f3gUB8qzz3Rk02xZIWMo299X0rxK0MoOWok/3dUVru+KKdY7WIoSHwRGpxGKkmAz9jIk2RFNbsQ=="
      },
      "OpenTelemetry.Api.ProviderBuilderExtensions": {
        "type": "Transitive",
        "resolved": "1.14.0",
        "contentHash": "i/lxOM92v+zU5I0rGl5tXAGz6EJtxk2MvzZ0VN6F6L5pMqT6s6RCXnGWXg6fW+vtZJsllBlQaf/VLPTzgefJpg==",
        "dependencies": {
          "OpenTelemetry.Api": "1.14.0"
        }
      },
      "OpenTelemetry.Exporter.OpenTelemetryProtocol": {
        "type": "Transitive",
        "resolved": "1.14.0",
        "contentHash": "7ELExeje+T/KOywHuHwZBGQNtYlepUaYRFXWgoEaT1iKpFJVwOlE1Y2+uqHI2QQmah0Ue+XgRmDy924vWHfJ6Q==",
        "dependencies": {
          "OpenTelemetry": "1.14.0"
        }
      },
      "OpenTelemetry.Extensions.Hosting": {
        "type": "Transitive",
        "resolved": "1.14.0",
        "contentHash": "ZAxkCIa3Q3YWZ1sGrolXfkhPqn2PFSz2Cel74em/fATZgY5ixlw6MQp2icmqKCz4C7M1W2G0b92K3rX8mOtFRg==",
        "dependencies": {
          "OpenTelemetry": "1.14.0"
        }
      },
      "OpenTelemetry.Instrumentation.AspNetCore": {
        "type": "Transitive",
        "resolved": "1.14.0",
        "contentHash": "NQAQpFa3a4ofPUYwxcwtNPGpuRNwwx1HM7MnLEESYjYkhfhER+PqqGywW65rWd7bJEc1/IaL+xbmHH99pYDE0A==",
        "dependencies": {
          "OpenTelemetry.Api.ProviderBuilderExtensions": "[1.14.0, 2.0.0)"
        }
      },
      "OpenTelemetry.Instrumentation.EntityFrameworkCore": {
        "type": "Transitive",
        "resolved": "1.0.0-beta.12",
        "contentHash": "L/wZDi3MXyL2OsaxykjNovTgNhGq0kVtWNcCoqzOctxYMnCUGAQHYA9XwZGpad1vnnFxHOcN3oW4qFAQuYpKUA==",
        "dependencies": {
          "OpenTelemetry.Api.ProviderBuilderExtensions": "[1.9.0, 2.0.0)"
        }
      },
      "OpenTelemetry.Instrumentation.Process": {
        "type": "Transitive",
        "resolved": "0.5.0-beta.7",
        "contentHash": "v+g5CPU/sJhyc1FTOgTaQTwvrQXquSxdndF+E3fS8SXYPLVAa2INHa8jqCFKvYp1rO+yaVizRw1gCOaDJJzauA==",
        "dependencies": {
          "OpenTelemetry.Api": "[1.9.0, 2.0.0)"
        }
      },
      "OpenTelemetry.Instrumentation.Runtime": {
        "type": "Transitive",
        "resolved": "1.14.0",
        "contentHash": "Z6o4JDOQaKv6bInAYZxuyxxfMKr6hFpwLnKEgQ+q+oBNA9Fm1sysjFCOzRzk7U0WD86LsRPXX+chv1vJIg7cfg==",
        "dependencies": {
          "OpenTelemetry.Api": "[1.14.0, 2.0.0)"
        }
      },
      "StyleCop.Analyzers": {
        "type": "Transitive",
        "resolved": "1.1.118",
        "contentHash": "Onx6ovGSqXSK07n/0eM3ZusiNdB6cIlJdabQhWGgJp3Vooy9AaLS/tigeybOJAobqbtggTamoWndz72JscZBvw=="
      },
      "System.ComponentModel.Annotations": {
        "type": "Transitive",
        "resolved": "5.0.0",
        "contentHash": "dMkqfy2el8A8/I76n2Hi1oBFEbG1SfxD2l5nhwXV3XjlnOmwxJlQbYpJH4W51odnU9sARCSAgv7S3CyAFMkpYg=="
      },
      "screenshotcreator.logic": {
        "type": "Project",
        "dependencies": {
          "Magick.NET-Q16-AnyCPU": "[14.9.1, )",
          "Microsoft.Bcl.TimeProvider": "[10.0.0, )",
          "Microsoft.Playwright": "[1.56.0, )",
          "mu88.Shared": "[4.0.0, )"
        }
      },
      "Magick.NET-Q16-AnyCPU": {
        "type": "CentralTransitive",
        "requested": "[14.9.1, )",
        "resolved": "14.9.1",
        "contentHash": "cRsHiS/uIx8xyDzwN0UJ8zPcxQWzh1SPNgMu/cBZHJ4h6z5K6e1fjGkROGyny13QJ/vLVMP+hZGOjqzoxqpLRQ==",
        "dependencies": {
          "Magick.NET.Core": "14.9.1"
        }
      },
      "Microsoft.Bcl.TimeProvider": {
        "type": "CentralTransitive",
        "requested": "[10.0.0, )",
        "resolved": "10.0.0",
        "contentHash": "bUubrBD6tRJE3V1kvRloYc6NymH3R5oFKjAS9e0ELNx6u0ZR+zjps9dDQyjgqN/rArzl7f+21KGszj3YRN7F2Q=="
      },
      "Microsoft.Playwright": {
        "type": "CentralTransitive",
        "requested": "[1.56.0, )",
        "resolved": "1.56.0",
        "contentHash": "DswyjEbhkTkQSyGnx2x1xhzwAztu/ckfOPZsT/fCA0HZVGdLkEWmf2u1FmUBWdT61do02VoMzp0dvA+oq7hKDg==",
        "dependencies": {
          "Microsoft.Bcl.AsyncInterfaces": "6.0.0",
          "System.ComponentModel.Annotations": "5.0.0"
        }
      }
    },
    "net10.0/linux-arm64": {
      "Magick.NET-Q16-AnyCPU": {
        "type": "CentralTransitive",
        "requested": "[14.9.1, )",
        "resolved": "14.9.1",
        "contentHash": "cRsHiS/uIx8xyDzwN0UJ8zPcxQWzh1SPNgMu/cBZHJ4h6z5K6e1fjGkROGyny13QJ/vLVMP+hZGOjqzoxqpLRQ==",
        "dependencies": {
          "Magick.NET.Core": "14.9.1"
        }
      }
    },
    "net10.0/linux-x64": {
      "Magick.NET-Q16-AnyCPU": {
        "type": "CentralTransitive",
        "requested": "[14.9.1, )",
        "resolved": "14.9.1",
        "contentHash": "cRsHiS/uIx8xyDzwN0UJ8zPcxQWzh1SPNgMu/cBZHJ4h6z5K6e1fjGkROGyny13QJ/vLVMP+hZGOjqzoxqpLRQ==",
        "dependencies": {
          "Magick.NET.Core": "14.9.1"
        }
      }
    }
  }
}